// !$*UTF8*$!
{
	archiveVersion = 1;
	classes = {
	};
	objectVersion = 56;
	objects = {

/* Begin PBXBuildFile section */
		0C362ED52A8A03310066C327 /* main.swift in Sources */ = {isa = PBXBuildFile; fileRef = 0C362ED42A8A03310066C327 /* main.swift */; };
/* End PBXBuildFile section */

/* Begin PBXCopyFilesBuildPhase section */
		0C4139D92A7A39AA00F64AD6 /* CopyFiles */ = {
			isa = PBXCopyFilesBuildPhase;
			buildActionMask = 2147483647;
			dstPath = /usr/share/man/man1/;
			dstSubfolderSpec = 0;
			files = (
			);
			runOnlyForDeploymentPostprocessing = 1;
		};
/* End PBXCopyFilesBuildPhase section */

/* Begin PBXFileReference section */
		0C29B2672A7CCDA700F492C4 /* 18108.swift */ = {isa = PBXFileReference; lastKnownFileType = sourcecode.swift; path = 18108.swift; sourceTree = "<group>"; };
		0C29B2692A7CD55F00F492C4 /* 1330.swift */ = {isa = PBXFileReference; lastKnownFileType = sourcecode.swift; path = 1330.swift; sourceTree = "<group>"; };
		0C2BFF242A8F18EA00B82864 /* string.swift */ = {isa = PBXFileReference; lastKnownFileType = sourcecode.swift; path = string.swift; sourceTree = "<group>"; };
		0C362ED42A8A03310066C327 /* main.swift */ = {isa = PBXFileReference; lastKnownFileType = sourcecode.swift; path = main.swift; sourceTree = "<group>"; };
		0C4139DB2A7A39AA00F64AD6 /* codingTest */ = {isa = PBXFileReference; explicitFileType = "compiled.mach-o.executable"; includeInIndex = 0; path = codingTest; sourceTree = BUILT_PRODUCTS_DIR; };
		0C57AA482A80C4FA00D581C2 /* codingTest-Bridging-Header.h */ = {isa = PBXFileReference; lastKnownFileType = sourcecode.c.h; path = "codingTest-Bridging-Header.h"; sourceTree = "<group>"; };
		0C57AA492A80C4FA00D581C2 /* 9498.swift */ = {isa = PBXFileReference; lastKnownFileType = sourcecode.swift; path = 9498.swift; sourceTree = "<group>"; };
		0C57AA4B2A80C71500D581C2 /* loop.swift */ = {isa = PBXFileReference; lastKnownFileType = sourcecode.swift; path = loop.swift; sourceTree = "<group>"; };
		0C6F899A2A7B8A6D0084787B /* mathBase.swift */ = {isa = PBXFileReference; lastKnownFileType = sourcecode.swift; path = mathBase.swift; sourceTree = "<group>"; };
		0C6F899C2A7B8E0B0084787B /* 10926.swift */ = {isa = PBXFileReference; lastKnownFileType = sourcecode.swift; path = 10926.swift; sourceTree = "<group>"; };
		0C92B0DE2A85DBBC003856FB /* array1.swift */ = {isa = PBXFileReference; lastKnownFileType = sourcecode.swift; path = array1.swift; sourceTree = "<group>"; };
		0C92B0E02A85E4E4003856FB /* array2.swift */ = {isa = PBXFileReference; lastKnownFileType = sourcecode.swift; path = array2.swift; sourceTree = "<group>"; };
		0CD0F7D72A848C78008F9410 /* loop2.swift */ = {isa = PBXFileReference; lastKnownFileType = sourcecode.swift; path = loop2.swift; sourceTree = "<group>"; };
/* End PBXFileReference section */

/* Begin PBXFrameworksBuildPhase section */
		0C4139D82A7A39AA00F64AD6 /* Frameworks */ = {
			isa = PBXFrameworksBuildPhase;
			buildActionMask = 2147483647;
			files = (
			);
			runOnlyForDeploymentPostprocessing = 0;
		};
/* End PBXFrameworksBuildPhase section */

/* Begin PBXGroup section */
		0C4139D22A7A39AA00F64AD6 = {
			isa = PBXGroup;
			children = (
				0C4139DD2A7A39AA00F64AD6 /* codingTest */,
				0C4139DC2A7A39AA00F64AD6 /* Products */,
			);
			sourceTree = "<group>";
		};
		0C4139DC2A7A39AA00F64AD6 /* Products */ = {
			isa = PBXGroup;
			children = (
				0C4139DB2A7A39AA00F64AD6 /* codingTest */,
			);
			name = Products;
			sourceTree = "<group>";
		};
		0C4139DD2A7A39AA00F64AD6 /* codingTest */ = {
			isa = PBXGroup;
			children = (
				0C6F899A2A7B8A6D0084787B /* mathBase.swift */,
				0C6F899C2A7B8E0B0084787B /* 10926.swift */,
				0C29B2672A7CCDA700F492C4 /* 18108.swift */,
				0C29B2692A7CD55F00F492C4 /* 1330.swift */,
				0C57AA492A80C4FA00D581C2 /* 9498.swift */,
				0C57AA482A80C4FA00D581C2 /* codingTest-Bridging-Header.h */,
				0C57AA4B2A80C71500D581C2 /* loop.swift */,
				0CD0F7D72A848C78008F9410 /* loop2.swift */,
				0C92B0DE2A85DBBC003856FB /* array1.swift */,
				0C92B0E02A85E4E4003856FB /* array2.swift */,
				0C362ED42A8A03310066C327 /* main.swift */,
				0C2BFF242A8F18EA00B82864 /* string.swift */,
			);
			path = codingTest;
			sourceTree = "<group>";
		};
/* End PBXGroup section */

/* Begin PBXNativeTarget section */
		0C4139DA2A7A39AA00F64AD6 /* codingTest */ = {
			isa = PBXNativeTarget;
			buildConfigurationList = 0C4139E22A7A39AA00F64AD6 /* Build configuration list for PBXNativeTarget "codingTest" */;
			buildPhases = (
				0C4139D72A7A39AA00F64AD6 /* Sources */,
				0C4139D82A7A39AA00F64AD6 /* Frameworks */,
				0C4139D92A7A39AA00F64AD6 /* CopyFiles */,
			);
			buildRules = (
			);
			dependencies = (
			);
			name = codingTest;
			productName = codingTest;
			productReference = 0C4139DB2A7A39AA00F64AD6 /* codingTest */;
			productType = "com.apple.product-type.tool";
		};
/* End PBXNativeTarget section */

/* Begin PBXProject section */
		0C4139D32A7A39AA00F64AD6 /* Project object */ = {
			isa = PBXProject;
			attributes = {
				BuildIndependentTargetsInParallel = 1;
				LastSwiftUpdateCheck = 1430;
				LastUpgradeCheck = 1430;
				TargetAttributes = {
					0C4139DA2A7A39AA00F64AD6 = {
						CreatedOnToolsVersion = 14.3.1;
						LastSwiftMigration = 1430;
					};
				};
			};
			buildConfigurationList = 0C4139D62A7A39AA00F64AD6 /* Build configuration list for PBXProject "codingTest" */;
			compatibilityVersion = "Xcode 14.0";
			developmentRegion = en;
			hasScannedForEncodings = 0;
			knownRegions = (
				en,
				Base,
			);
			mainGroup = 0C4139D22A7A39AA00F64AD6;
			productRefGroup = 0C4139DC2A7A39AA00F64AD6 /* Products */;
			projectDirPath = "";
			projectRoot = "";
			targets = (
				0C4139DA2A7A39AA00F64AD6 /* codingTest */,
			);
		};
/* End PBXProject section */

/* Begin PBXSourcesBuildPhase section */
		0C4139D72A7A39AA00F64AD6 /* Sources */ = {
			isa = PBXSourcesBuildPhase;
			buildActionMask = 2147483647;
			files = (
				0C362ED52A8A03310066C327 /* main.swift in Sources */,
			);
			runOnlyForDeploymentPostprocessing = 0;
		};
/* End PBXSourcesBuildPhase section */

/* Begin XCBuildConfiguration section */
		0C4139E02A7A39AA00F64AD6 /* Debug */ = {
			isa = XCBuildConfiguration;
			buildSettings = {
				ALWAYS_SEARCH_USER_PATHS = NO;
				CLANG_ANALYZER_NONNULL = YES;
				CLANG_ANALYZER_NUMBER_OBJECT_CONVERSION = YES_AGGRESSIVE;
				CLANG_CXX_LANGUAGE_STANDARD = "gnu++20";
				CLANG_ENABLE_MODULES = YES;
				CLANG_ENABLE_OBJC_ARC = YES;
				CLANG_ENABLE_OBJC_WEAK = YES;
				CLANG_WARN_BLOCK_CAPTURE_AUTORELEASING = YES;
				CLANG_WARN_BOOL_CONVERSION = YES;
				CLANG_WARN_COMMA = YES;
				CLANG_WARN_CONSTANT_CONVERSION = YES;
				CLANG_WARN_DEPRECATED_OBJC_IMPLEMENTATIONS = YES;
				CLANG_WARN_DIRECT_OBJC_ISA_USAGE = YES_ERROR;
				CLANG_WARN_DOCUMENTATION_COMMENTS = YES;
				CLANG_WARN_EMPTY_BODY = YES;
				CLANG_WARN_ENUM_CONVERSION = YES;
				CLANG_WARN_INFINITE_RECURSION = YES;
				CLANG_WARN_INT_CONVERSION = YES;
				CLANG_WARN_NON_LITERAL_NULL_CONVERSION = YES;
				CLANG_WARN_OBJC_IMPLICIT_RETAIN_SELF = YES;
				CLANG_WARN_OBJC_LITERAL_CONVERSION = YES;
				CLANG_WARN_OBJC_ROOT_CLASS = YES_ERROR;
				CLANG_WARN_QUOTED_INCLUDE_IN_FRAMEWORK_HEADER = YES;
				CLANG_WARN_RANGE_LOOP_ANALYSIS = YES;
				CLANG_WARN_STRICT_PROTOTYPES = YES;
				CLANG_WARN_SUSPICIOUS_MOVE = YES;
				CLANG_WARN_UNGUARDED_AVAILABILITY = YES_AGGRESSIVE;
				CLANG_WARN_UNREACHABLE_CODE = YES;
				CLANG_WARN__DUPLICATE_METHOD_MATCH = YES;
				COPY_PHASE_STRIP = NO;
				DEBUG_INFORMATION_FORMAT = dwarf;
				ENABLE_STRICT_OBJC_MSGSEND = YES;
				ENABLE_TESTABILITY = YES;
				GCC_C_LANGUAGE_STANDARD = gnu11;
				GCC_DYNAMIC_NO_PIC = NO;
				GCC_NO_COMMON_BLOCKS = YES;
				GCC_OPTIMIZATION_LEVEL = 0;
				GCC_PREPROCESSOR_DEFINITIONS = (
					"DEBUG=1",
					"$(inherited)",
				);
				GCC_WARN_64_TO_32_BIT_CONVERSION = YES;
				GCC_WARN_ABOUT_RETURN_TYPE = YES_ERROR;
				GCC_WARN_UNDECLARED_SELECTOR = YES;
				GCC_WARN_UNINITIALIZED_AUTOS = YES_AGGRESSIVE;
				GCC_WARN_UNUSED_FUNCTION = YES;
				GCC_WARN_UNUSED_VARIABLE = YES;
				MACOSX_DEPLOYMENT_TARGET = 13.3;
				MTL_ENABLE_DEBUG_INFO = INCLUDE_SOURCE;
				MTL_FAST_MATH = YES;
				ONLY_ACTIVE_ARCH = YES;
				SDKROOT = macosx;
				SWIFT_ACTIVE_COMPILATION_CONDITIONS = DEBUG;
				SWIFT_OPTIMIZATION_LEVEL = "-Onone";
			};
			name = Debug;
		};
		0C4139E12A7A39AA00F64AD6 /* Release */ = {
			isa = XCBuildConfiguration;
			buildSettings = {
				ALWAYS_SEARCH_USER_PATHS = NO;
				CLANG_ANALYZER_NONNULL = YES;
				CLANG_ANALYZER_NUMBER_OBJECT_CONVERSION = YES_AGGRESSIVE;
				CLANG_CXX_LANGUAGE_STANDARD = "gnu++20";
				CLANG_ENABLE_MODULES = YES;
				CLANG_ENABLE_OBJC_ARC = YES;
				CLANG_ENABLE_OBJC_WEAK = YES;
				CLANG_WARN_BLOCK_CAPTURE_AUTORELEASING = YES;
				CLANG_WARN_BOOL_CONVERSION = YES;
				CLANG_WARN_COMMA = YES;
				CLANG_WARN_CONSTANT_CONVERSION = YES;
				CLANG_WARN_DEPRECATED_OBJC_IMPLEMENTATIONS = YES;
				CLANG_WARN_DIRECT_OBJC_ISA_USAGE = YES_ERROR;
				CLANG_WARN_DOCUMENTATION_COMMENTS = YES;
				CLANG_WARN_EMPTY_BODY = YES;
				CLANG_WARN_ENUM_CONVERSION = YES;
				CLANG_WARN_INFINITE_RECURSION = YES;
				CLANG_WARN_INT_CONVERSION = YES;
				CLANG_WARN_NON_LITERAL_NULL_CONVERSION = YES;
				CLANG_WARN_OBJC_IMPLICIT_RETAIN_SELF = YES;
				CLANG_WARN_OBJC_LITERAL_CONVERSION = YES;
				CLANG_WARN_OBJC_ROOT_CLASS = YES_ERROR;
				CLANG_WARN_QUOTED_INCLUDE_IN_FRAMEWORK_HEADER = YES;
				CLANG_WARN_RANGE_LOOP_ANALYSIS = YES;
				CLANG_WARN_STRICT_PROTOTYPES = YES;
				CLANG_WARN_SUSPICIOUS_MOVE = YES;
				CLANG_WARN_UNGUARDED_AVAILABILITY = YES_AGGRESSIVE;
				CLANG_WARN_UNREACHABLE_CODE = YES;
				CLANG_WARN__DUPLICATE_METHOD_MATCH = YES;
				COPY_PHASE_STRIP = NO;
				DEBUG_INFORMATION_FORMAT = "dwarf-with-dsym";
				ENABLE_NS_ASSERTIONS = NO;
				ENABLE_STRICT_OBJC_MSGSEND = YES;
				GCC_C_LANGUAGE_STANDARD = gnu11;
				GCC_NO_COMMON_BLOCKS = YES;
				GCC_WARN_64_TO_32_BIT_CONVERSION = YES;
				GCC_WARN_ABOUT_RETURN_TYPE = YES_ERROR;
				GCC_WARN_UNDECLARED_SELECTOR = YES;
				GCC_WARN_UNINITIALIZED_AUTOS = YES_AGGRESSIVE;
				GCC_WARN_UNUSED_FUNCTION = YES;
				GCC_WARN_UNUSED_VARIABLE = YES;
				MACOSX_DEPLOYMENT_TARGET = 13.3;
				MTL_ENABLE_DEBUG_INFO = NO;
				MTL_FAST_MATH = YES;
				SDKROOT = macosx;
				SWIFT_COMPILATION_MODE = wholemodule;
				SWIFT_OPTIMIZATION_LEVEL = "-O";
			};
			name = Release;
		};
		0C4139E32A7A39AA00F64AD6 /* Debug */ = {
			isa = XCBuildConfiguration;
			buildSettings = {
				CLANG_ENABLE_MODULES = YES;
				CODE_SIGN_STYLE = Automatic;
				DEVELOPMENT_TEAM = 9BW5PCB239;
				ENABLE_HARDENED_RUNTIME = YES;
				PRODUCT_NAME = "$(TARGET_NAME)";
				SWIFT_OBJC_BRIDGING_HEADER = "codingTest/codingTest-Bridging-Header.h";
				SWIFT_OPTIMIZATION_LEVEL = "-Onone";
				SWIFT_VERSION = 5.0;
			};
			name = Debug;
		};
		0C4139E42A7A39AA00F64AD6 /* Release */ = {
			isa = XCBuildConfiguration;
			buildSettings = {
				CLANG_ENABLE_MODULES = YES;
				CODE_SIGN_STYLE = Automatic;
				DEVELOPMENT_TEAM = 9BW5PCB239;
				ENABLE_HARDENED_RUNTIME = YES;
				PRODUCT_NAME = "$(TARGET_NAME)";
				SWIFT_OBJC_BRIDGING_HEADER = "codingTest/codingTest-Bridging-Header.h";
				SWIFT_VERSION = 5.0;
			};
			name = Release;
		};
/* End XCBuildConfiguration section */

/* Begin XCConfigurationList section */
		0C4139D62A7A39AA00F64AD6 /* Build configuration list for PBXProject "codingTest" */ = {
			isa = XCConfigurationList;
			buildConfigurations = (
				0C4139E02A7A39AA00F64AD6 /* Debug */,
				0C4139E12A7A39AA00F64AD6 /* Release */,
			);
			defaultConfigurationIsVisible = 0;
			defaultConfigurationName = Release;
		};
		0C4139E22A7A39AA00F64AD6 /* Build configuration list for PBXNativeTarget "codingTest" */ = {
			isa = XCConfigurationList;
			buildConfigurations = (
				0C4139E32A7A39AA00F64AD6 /* Debug */,
				0C4139E42A7A39AA00F64AD6 /* Release */,
			);
			defaultConfigurationIsVisible = 0;
			defaultConfigurationName = Release;
		};
/* End XCConfigurationList section */
	};
	rootObject = 0C4139D32A7A39AA00F64AD6 /* Project object */;
}
